
Microsoft Visual Studio Solution File, Format Version 12.00
# Visual Studio Version 17
VisualStudioVersion = 17.3.32901.215
MinimumVisualStudioVersion = 10.0.40219.1
Project("{FAE04EC0-301F-11D3-BF4B-00C04F79EFBC}") = "Given_ 3_Strings_Find_The_Maximum", "Given_ 3_Strings_Find_The_Maximum\Given_ 3_Strings_Find_The_Maximum.csproj", "{0DA47E57-FE3B-4151-857C-DE7240DD04AA}"
EndProject
Global
	GlobalSection(SolutionConfigurationPlatforms) = preSolution
		Debug|Any CPU = Debug|Any CPU
		Release|Any CPU = Release|Any CPU
	EndGlobalSection
	GlobalSection(ProjectConfigurationPlatforms) = postSolution
		{0DA47E57-FE3B-4151-857C-DE7240DD04AA}.Debug|Any CPU.ActiveCfg = Debug|Any CPU
		{0DA47E57-FE3B-4151-857C-DE7240DD04AA}.Debug|Any CPU.Build.0 = Debug|Any CPU
		{0DA47E57-FE3B-4151-857C-DE7240DD04AA}.Release|Any CPU.ActiveCfg = Release|Any CPU
		{0DA47E57-FE3B-4151-857C-DE7240DD04AA}.Release|Any CPU.Build.0 = Release|Any CPU
	EndGlobalSection
	GlobalSection(SolutionProperties) = preSolution
		HideSolutionNode = FALSE
	EndGlobalSection
	GlobalSection(ExtensibilityGlobals) = postSolution
		SolutionGuid = {973043E7-41A7-4A69-9A38-42BC322BAF4C}
	EndGlobalSection
EndGlobal
