
Microsoft Visual Studio Solution File, Format Version 12.00
# Visual Studio Version 17
VisualStudioVersion = 17.3.32901.215
MinimumVisualStudioVersion = 10.0.40219.1
Project("{FAE04EC0-301F-11D3-BF4B-00C04F79EFBC}") = "UC2-float_Find_The_Maximum", "UC2-float_Find_The_Maximum\UC2-float_Find_The_Maximum.csproj", "{7D05E366-1FF0-47AE-BFFB-410AA8FEC237}"
EndProject
Global
	GlobalSection(SolutionConfigurationPlatforms) = preSolution
		Debug|Any CPU = Debug|Any CPU
		Release|Any CPU = Release|Any CPU
	EndGlobalSection
	GlobalSection(ProjectConfigurationPlatforms) = postSolution
		{7D05E366-1FF0-47AE-BFFB-410AA8FEC237}.Debug|Any CPU.ActiveCfg = Debug|Any CPU
		{7D05E366-1FF0-47AE-BFFB-410AA8FEC237}.Debug|Any CPU.Build.0 = Debug|Any CPU
		{7D05E366-1FF0-47AE-BFFB-410AA8FEC237}.Release|Any CPU.ActiveCfg = Release|Any CPU
		{7D05E366-1FF0-47AE-BFFB-410AA8FEC237}.Release|Any CPU.Build.0 = Release|Any CPU
	EndGlobalSection
	GlobalSection(SolutionProperties) = preSolution
		HideSolutionNode = FALSE
	EndGlobalSection
	GlobalSection(ExtensibilityGlobals) = postSolution
		SolutionGuid = {655BAEA3-27A1-443D-BB09-450F6D435DBE}
	EndGlobalSection
EndGlobal
